{
    "_readme": [
        "This file locks the dependencies of your project to a known state",
        "Read more about it at https://getcomposer.org/doc/01-basic-usage.md#composer-lock-the-lock-file",
        "This file is @generated automatically"
    ],
    "hash": "caa4d8817f22779a0463d1abc05e605b",
    "content-hash": "5e79e7565a26e01529046e8b71364c66",
    "packages": [
        {
            "name": "baijian/ahocorasick",
            "version": "0.0.1",
            "source": {
                "type": "git",
                "url": "https://github.com/baijian/AhoCorasick-PHP.git",
                "reference": "6de7d9addd2687e3b5551aadd4857971499e18be"
            },
            "dist": {
                "type": "zip",
                "url": "https://packagist.phpcomposer.com/files/baijian/AhoCorasick-PHP/6de7d9addd2687e3b5551aadd4857971499e18be.zip",
                "reference": "6de7d9addd2687e3b5551aadd4857971499e18be",
                "shasum": ""
            },
            "require": {
                "php": ">=5.3.0"
            },
            "require-dev": {
                "phpunit/phpunit": "3.7.*"
            },
            "type": "library",
            "autoload": {
                "psr-4": {
                    "Baijian\\Algorithm\\": "src/"
                }
            },
            "notification-url": "https://packagist.org/downloads/",
            "license": [
                "MIT"
            ],
            "authors": [
                {
                    "name": "baijian",
                    "email": "jian.baij@gmail.com",
                    "homepage": "http://joinjoy.me",
                    "role": "Learner"
                }
            ],
            "homepage": "http://joinjoy.me",
            "keywords": [
                "ahocorasick"
            ],
            "time": "2014-04-10 07:39:39"
        },
        {
            "name": "codecrafting/php-beanstalk",
            "version": "dev-master",
            "source": {
                "type": "git",
                "url": "https://github.com/phpcodecrafting/php-beanstalk.git",
                "reference": "e6626979b0f9c2f6e68271911d30432d1d05db9d"
            },
            "dist": {
                "type": "zip",
                "url": "https://packagist.phpcomposer.com/files/phpcodecrafting/php-beanstalk/e6626979b0f9c2f6e68271911d30432d1d05db9d.zip",
                "reference": "e6626979b0f9c2f6e68271911d30432d1d05db9d",
                "shasum": ""
            },
            "require": {
                "php": ">=5.5.0"
            },
            "require-dev": {
                "phpunit/phpunit": "~4.6"
            },
            "type": "library",
            "autoload": {
                "psr-4": {
                    "Beanstalk\\": "lib/Beanstalk/"
                }
            },
            "notification-url": "https://packagist.org/downloads/",
            "license": [
                "MIT"
            ],
            "authors": [
                {
                    "name": "Joshua Dechant",
                    "email": "jdechant@shapeup.com",
                    "role": "Developer"
                }
            ],
            "description": "PHP 5.5+ beanstalkd client",
            "keywords": [
                "beanstalkd",
                "message queue",
                "queueing",
                "queues"
            ],
            "time": "2015-09-08 03:00:55"
        },
        {
            "name": "daverandom/libdns",
            "version": "v1.1.0",
            "source": {
                "type": "git",
                "url": "https://github.com/DaveRandom/LibDNS.git",
                "reference": "67de5497e84d179dffc089c5eb6a1945eb4e9460"
            },
            "dist": {
                "type": "zip",
                "url": "https://packagist.phpcomposer.com/files/DaveRandom/LibDNS/67de5497e84d179dffc089c5eb6a1945eb4e9460.zip",
                "reference": "67de5497e84d179dffc089c5eb6a1945eb4e9460",
                "shasum": ""
            },
            "require": {
                "php": ">=5.4.0"
            },
            "type": "library",
            "autoload": {
                "psr-4": {
                    "LibDNS\\": "src/"
                }
            },
            "notification-url": "https://packagist.org/downloads/",
            "license": [
                "MIT"
            ],
            "description": "DNS protocol implementation written in pure PHP",
            "keywords": [
                "dns"
            ],
            "time": "2016-04-29 20:47:45"
        },
        {
            "name": "guzzlehttp/guzzle",
            "version": "dev-master",
            "source": {
                "type": "git",
                "url": "https://github.com/guzzle/guzzle.git",
                "reference": "3b45e7675e8997ac96142b0265d158343958f708"
            },
            "dist": {
                "type": "zip",
                "url": "https://packagist.phpcomposer.com/files/guzzle/guzzle/3b45e7675e8997ac96142b0265d158343958f708.zip",
                "reference": "3b45e7675e8997ac96142b0265d158343958f708",
                "shasum": ""
            },
            "require": {
                "guzzlehttp/promises": "^1.0",
                "guzzlehttp/psr7": "^1.3.1",
                "php": ">=5.5"
            },
            "require-dev": {
                "ext-curl": "*",
                "phpunit/phpunit": "^4.0",
                "psr/log": "^1.0"
            },
            "type": "library",
            "extra": {
                "branch-alias": {
                    "dev-master": "6.2-dev"
                }
            },
            "autoload": {
                "files": [
                    "src/functions_include.php"
                ],
                "psr-4": {
                    "GuzzleHttp\\": "src/"
                }
            },
            "notification-url": "https://packagist.org/downloads/",
            "license": [
                "MIT"
            ],
            "authors": [
                {
                    "name": "Michael Dowling",
                    "email": "mtdowling@gmail.com",
                    "homepage": "https://github.com/mtdowling"
                }
            ],
            "description": "Guzzle is a PHP HTTP client library",
            "homepage": "http://guzzlephp.org/",
            "keywords": [
                "client",
                "curl",
                "framework",
                "http",
                "http client",
                "rest",
                "web service"
            ],
            "time": "2016-08-04 00:05:49"
        },
        {
            "name": "guzzlehttp/promises",
            "version": "1.2.0",
            "source": {
                "type": "git",
                "url": "https://github.com/guzzle/promises.git",
                "reference": "c10d860e2a9595f8883527fa0021c7da9e65f579"
            },
            "dist": {
                "type": "zip",
                "url": "https://packagist.phpcomposer.com/files/guzzle/promises/c10d860e2a9595f8883527fa0021c7da9e65f579.zip",
                "reference": "c10d860e2a9595f8883527fa0021c7da9e65f579",
                "shasum": ""
            },
            "require": {
                "php": ">=5.5.0"
            },
            "require-dev": {
                "phpunit/phpunit": "~4.0"
            },
            "type": "library",
            "extra": {
                "branch-alias": {
                    "dev-master": "1.0-dev"
                }
            },
            "autoload": {
                "psr-4": {
                    "GuzzleHttp\\Promise\\": "src/"
                },
                "files": [
                    "src/functions_include.php"
                ]
            },
            "notification-url": "https://packagist.org/downloads/",
            "license": [
                "MIT"
            ],
            "authors": [
                {
                    "name": "Michael Dowling",
                    "email": "mtdowling@gmail.com",
                    "homepage": "https://github.com/mtdowling"
                }
            ],
            "description": "Guzzle promises library",
            "keywords": [
                "promise"
            ],
            "time": "2016-05-18 16:56:05"
        },
        {
            "name": "guzzlehttp/psr7",
            "version": "dev-master",
            "source": {
                "type": "git",
                "url": "https://github.com/guzzle/psr7.git",
                "reference": "64862e854f876bc5aee2996cab2f552db8586065"
            },
            "dist": {
                "type": "zip",
                "url": "https://packagist.phpcomposer.com/files/guzzle/psr7/64862e854f876bc5aee2996cab2f552db8586065.zip",
                "reference": "64862e854f876bc5aee2996cab2f552db8586065",
                "shasum": ""
            },
            "require": {
                "php": ">=5.4.0",
                "psr/http-message": "~1.0"
            },
            "provide": {
                "psr/http-message-implementation": "1.0"
            },
            "require-dev": {
                "phpunit/phpunit": "~4.0"
            },
            "type": "library",
            "extra": {
                "branch-alias": {
                    "dev-master": "1.4-dev"
                }
            },
            "autoload": {
                "psr-4": {
                    "GuzzleHttp\\Psr7\\": "src/"
                },
                "files": [
                    "src/functions_include.php"
                ]
            },
            "notification-url": "https://packagist.org/downloads/",
            "license": [
                "MIT"
            ],
            "authors": [
                {
                    "name": "Michael Dowling",
                    "email": "mtdowling@gmail.com",
                    "homepage": "https://github.com/mtdowling"
                },
                {
                    "name": "Tobias Schultze",
                    "homepage": "https://github.com/Tobion"
                }
            ],
            "description": "PSR-7 message implementation that also provides common utility methods",
            "keywords": [
                "http",
                "message",
                "request",
                "response",
                "stream",
                "uri",
                "url"
            ],
            "time": "2016-08-03 09:33:34"
        },
        {
            "name": "league/event",
            "version": "dev-master",
            "source": {
                "type": "git",
                "url": "https://github.com/thephpleague/event.git",
                "reference": "0bfa3954c93a7b596168b4fd32d0e6631fd175e2"
            },
            "dist": {
                "type": "zip",
                "url": "https://packagist.phpcomposer.com/files/thephpleague/event/0bfa3954c93a7b596168b4fd32d0e6631fd175e2.zip",
                "reference": "0bfa3954c93a7b596168b4fd32d0e6631fd175e2",
                "shasum": ""
            },
            "require": {
                "php": ">=5.4.0"
            },
            "require-dev": {
                "henrikbjorn/phpspec-code-coverage": "~1.0.1",
                "phpspec/phpspec": "^2.2"
            },
            "type": "library",
            "extra": {
                "branch-alias": {
                    "dev-master": "2.2-dev"
                }
            },
            "autoload": {
                "psr-4": {
                    "League\\Event\\": "src/"
                }
            },
            "notification-url": "https://packagist.org/downloads/",
            "license": [
                "MIT"
            ],
            "authors": [
                {
                    "name": "Frank de Jonge",
                    "email": "info@frenky.net"
                }
            ],
            "description": "Event package",
            "keywords": [
                "emitter",
                "event",
                "listener"
            ],
            "time": "2016-07-23 09:33:29"
        },
        {
            "name": "microweber/screen",
            "version": "v1.0.2",
            "source": {
                "type": "git",
                "url": "https://github.com/microweber/screen.git",
                "reference": "c7f0c2e46ea07d9e8ca2e9ee71065b9171d9bf8e"
            },
            "dist": {
                "type": "zip",
                "url": "https://packagist.phpcomposer.com/files/microweber/screen/c7f0c2e46ea07d9e8ca2e9ee71065b9171d9bf8e.zip",
                "reference": "c7f0c2e46ea07d9e8ca2e9ee71065b9171d9bf8e",
                "shasum": ""
            },
            "require": {
                "php": ">=5.3"
            },
            "require-dev": {
                "symfony/var-dumper": "~3.0"
            },
            "type": "library",
            "autoload": {
                "psr-4": {
                    "Screen\\": "src/"
                }
            },
            "notification-url": "https://packagist.org/downloads/",
            "license": [
                "MIT"
            ],
            "authors": [
                {
                    "name": "Peter Ivanov",
                    "email": "peter@microweber.com",
                    "homepage": "http://microweber.com"
                },
                {
                    "name": "André Filipe",
                    "email": "andre.r.flip@gmail.com",
                    "homepage": "http://masnathan.com"
                }
            ],
            "description": "A PHP Class to interact with PhantomJs and capture screenshot of a webpage",
            "keywords": [
                "capture",
                "phantomjs",
                "print-screen",
                "screen"
            ],
            "time": "2016-07-28 15:21:08"
        },
        {
            "name": "millken/ypf",
            "version": "dev-master",
            "source": {
                "type": "git",
                "url": "https://github.com/millken/ypf.git",
                "reference": "7fd1d59c7b813d5ad2793634f0e9e1099d9efc91"
            },
            "dist": {
                "type": "zip",
                "url": "https://packagist.phpcomposer.com/files/millken/ypf/7fd1d59c7b813d5ad2793634f0e9e1099d9efc91.zip",
                "reference": "7fd1d59c7b813d5ad2793634f0e9e1099d9efc91",
                "shasum": ""
            },
            "require": {
                "mtdowling/cron-expression": "^1.1",
                "php": ">=5.3.0"
            },
            "type": "library",
            "autoload": {
                "psr-0": {
                    "Ypf": "src/"
                }
            },
            "notification-url": "https://packagist.org/downloads/",
            "license": [
                "LGPL"
            ],
            "authors": [
                {
                    "name": "millken",
                    "email": "millken@gmail.com"
                }
            ],
            "description": "PHP framework & Application Server.",
            "homepage": "https://github.com/millken/ypf/",
            "keywords": [
                "framework",
                "library",
                "webserver"
            ],
            "time": "2016-07-28 02:59:59"
        },
        {
            "name": "mtdowling/cron-expression",
            "version": "v1.1.0",
            "source": {
                "type": "git",
                "url": "https://github.com/mtdowling/cron-expression.git",
                "reference": "c9ee7886f5a12902b225a1a12f36bb45f9ab89e5"
            },
            "dist": {
                "type": "zip",
                "url": "https://packagist.phpcomposer.com/files/mtdowling/cron-expression/c9ee7886f5a12902b225a1a12f36bb45f9ab89e5.zip",
                "reference": "c9ee7886f5a12902b225a1a12f36bb45f9ab89e5",
                "shasum": ""
            },
            "require": {
                "php": ">=5.3.2"
            },
            "require-dev": {
                "phpunit/phpunit": "~4.0|~5.0"
            },
            "type": "library",
            "autoload": {
                "psr-0": {
                    "Cron": "src/"
                }
            },
            "notification-url": "https://packagist.org/downloads/",
            "license": [
                "MIT"
            ],
            "authors": [
                {
                    "name": "Michael Dowling",
                    "email": "mtdowling@gmail.com",
                    "homepage": "https://github.com/mtdowling"
                }
            ],
            "description": "CRON for PHP: Calculate the next or previous run date and determine if a CRON expression is due",
            "keywords": [
                "cron",
                "schedule"
            ],
            "time": "2016-01-26 21:23:30"
        },
        {
            "name": "psr/http-message",
            "version": "dev-master",
            "source": {
                "type": "git",
                "url": "https://github.com/php-fig/http-message.git",
                "reference": "d0aabc038f1f3ff665dfe1e9673bcd0df609c681"
            },
            "dist": {
                "type": "zip",
                "url": "https://packagist.phpcomposer.com/files/php-fig/http-message/d0aabc038f1f3ff665dfe1e9673bcd0df609c681.zip",
                "reference": "d0aabc038f1f3ff665dfe1e9673bcd0df609c681",
                "shasum": ""
            },
            "require": {
                "php": ">=5.3.0"
            },
            "type": "library",
            "extra": {
                "branch-alias": {
                    "dev-master": "1.0.x-dev"
                }
            },
            "autoload": {
                "psr-4": {
                    "Psr\\Http\\Message\\": "src/"
                }
            },
            "notification-url": "https://packagist.org/downloads/",
            "license": [
                "MIT"
            ],
            "authors": [
                {
                    "name": "PHP-FIG",
                    "homepage": "http://www.php-fig.org/"
                }
            ],
            "description": "Common interface for HTTP messages",
            "homepage": "https://github.com/php-fig/http-message",
            "keywords": [
                "http",
                "http-message",
                "psr",
                "psr-7",
                "request",
                "response"
            ],
            "time": "2016-08-03 19:47:37"
        },
        {
            "name": "travail/image-perceptualhash",
            "version": "v0.1.0",
            "source": {
                "type": "git",
                "url": "https://github.com/travail/php-Image-PerceptualHash.git",
                "reference": "471391788dd6021fa963937a27f7ba5f7a5fabdd"
            },
            "dist": {
                "type": "zip",
                "url": "https://packagist.phpcomposer.com/files/travail/php-Image-PerceptualHash/471391788dd6021fa963937a27f7ba5f7a5fabdd.zip",
                "reference": "471391788dd6021fa963937a27f7ba5f7a5fabdd",
                "shasum": ""
            },
            "require": {
                "ext-gd": "*"
            },
            "require-dev": {
                "phpunit/phpunit": "4.*"
            },
            "type": "library",
            "autoload": {
                "psr-4": {
                    "Image\\": "lib"
                }
            },
            "notification-url": "https://packagist.org/downloads/",
            "license": [
                "PHP-3.0"
            ],
            "description": "travail/image-perceptualhash",
            "time": "2015-10-09 09:34:54"
        }
    ],
    "packages-dev": [],
    "aliases": [],
    "minimum-stability": "dev",
    "stability-flags": {
        "millken/ypf": 20,
        "codecrafting/php-beanstalk": 20
    },
    "prefer-stable": false,
    "prefer-lowest": false,
    "platform": [],
    "platform-dev": []
}
